{
   "name": "leaflet-control-angular",
   "version": "0.1.4",
   "lockfileVersion": 1,
   "requires": true,
   "dependencies": {
      "angular": {
         "version": "1.7.9",
         "resolved": "https://registry.npmjs.org/angular/-/angular-1.7.9.tgz",
         "integrity": "sha512-5se7ZpcOtu0MBFlzGv5dsM1quQDoDeUTwZrWjGtTNA7O88cD8TEk5IEKCTDa3uECV9XnvKREVUr7du1ACiWGFQ=="
      },
      "leaflet": {
         "version": "0.7.7",
         "resolved": "https://registry.npmjs.org/leaflet/-/leaflet-0.7.7.tgz",
         "integrity": "sha1-HjUrpU5j0HZFH6NjyQCJDLLPde4="
      }
   }
}
